# This file is autogenerated, do not edit; changes may be undone by the next 'dep ensure'.


[[projects]]
  branch = "master"
  name = "github.com/marksalpeter/token"
  packages = ["."]
  revision = "e102fa422efe3d1913ad025ab02dd6af0d3723d3"

[[projects]]
  branch = "master"
  name = "github.com/pilu/go-base62"
  packages = ["."]
  revision = "d5f2747573ce21beebdd18dfafb88093713aa45e"

[solve-meta]
  analyzer-name = "dep"
  analyzer-version = 1
  inputs-digest = "fe55a0fb58cf0d3f4306b410d474b7b67479b4d54656539edf99f1b8e4c266d9"
  solver-name = "gps-cdcl"
  solver-version = 1
